
Microsoft Visual Studio Solution File, Format Version 12.00
# Visual Studio Version 17
VisualStudioVersion = 17.10.34928.147
MinimumVisualStudioVersion = 10.0.40219.1
Project("{FAE04EC0-301F-11D3-BF4B-00C04F79EFBC}") = "WebClient", "WebClient.csproj", "{B24ADD48-D929-45D0-A9EB-AC4F6053D982}"
EndProject
Global
	GlobalSection(SolutionConfigurationPlatforms) = preSolution
		Debug|Any CPU = Debug|Any CPU
		Release|Any CPU = Release|Any CPU
	EndGlobalSection
	GlobalSection(ProjectConfigurationPlatforms) = postSolution
		{B24ADD48-D929-45D0-A9EB-AC4F6053D982}.Debug|Any CPU.ActiveCfg = Debug|Any CPU
		{B24ADD48-D929-45D0-A9EB-AC4F6053D982}.Debug|Any CPU.Build.0 = Debug|Any CPU
		{B24ADD48-D929-45D0-A9EB-AC4F6053D982}.Release|Any CPU.ActiveCfg = Release|Any CPU
		{B24ADD48-D929-45D0-A9EB-AC4F6053D982}.Release|Any CPU.Build.0 = Release|Any CPU
	EndGlobalSection
	GlobalSection(SolutionProperties) = preSolution
		HideSolutionNode = FALSE
	EndGlobalSection
	GlobalSection(ExtensibilityGlobals) = postSolution
		SolutionGuid = {27F013BF-A60B-4D1D-AC87-5831EC21D0A9}
	EndGlobalSection
EndGlobal
